{
  "version": 4,
  "terraform_version": "1.14.8",
  "serial": 7,
  "lineage": "afc78550-3e55-5a8a-dd00-fed4a78b1454",
  "outputs": {},
  "resources": [
    {
      "mode": "managed",
      "type": "github_repository",
      "name": "example",
      "provider": "provider[\"registry.terraform.io/integrations/github\"]",
      "instances": [
        {
          "schema_version": 1,
          "attributes": {
            "allow_auto_merge": false,
            "allow_merge_commit": true,
            "allow_rebase_merge": true,
            "allow_squash_merge": true,
            "allow_update_branch": false,
            "archive_on_destroy": null,
            "archived": false,
            "auto_init": true,
            "default_branch": "main",
            "delete_branch_on_merge": false,
            "description": "Updated repository description by Firstname Lastname",
            "etag": "W/\"1e6bf9fbcc03853b8ea93febb734ccc9e4b0e3420be44184af69f340a17ddd53\"",
            "full_name": "ali-daza23/terraform-example-firstname-lastname",
            "git_clone_url": "git://github.com/ali-daza23/terraform-example-firstname-lastname.git",
            "gitignore_template": null,
            "has_discussions": true,
            "has_downloads": false,
            "has_issues": true,
            "has_projects": false,
            "has_wiki": false,
            "homepage_url": "",
            "html_url": "https://github.com/ali-daza23/terraform-example-firstname-lastname",
            "http_clone_url": "https://github.com/ali-daza23/terraform-example-firstname-lastname.git",
            "id": "terraform-example-firstname-lastname",
            "ignore_vulnerability_alerts_during_read": null,
            "is_template": false,
            "license_template": null,
            "merge_commit_message": "PR_TITLE",
            "merge_commit_title": "MERGE_MESSAGE",
            "name": "terraform-example-firstname-lastname",
            "node_id": "R_kgDOR8hKJw",
            "pages": [],
            "primary_language": "",
            "private": false,
            "repo_id": 1204308519,
            "security_and_analysis": [
              {
                "advanced_security": [],
                "secret_scanning": [
                  {
                    "status": "enabled"
                  }
                ],
                "secret_scanning_push_protection": [
                  {
                    "status": "enabled"
                  }
                ]
              }
            ],
            "squash_merge_commit_message": "COMMIT_MESSAGES",
            "squash_merge_commit_title": "COMMIT_OR_PR_TITLE",
            "ssh_clone_url": "git@github.com:ali-daza23/terraform-example-firstname-lastname.git",
            "svn_url": "https://github.com/ali-daza23/terraform-example-firstname-lastname",
            "template": [],
            "topics": [
              "infrastructure-as-code",
              "learning",
              "terraform"
            ],
            "visibility": "public",
            "vulnerability_alerts": false,
            "web_commit_signoff_required": false
          },
          "sensitive_attributes": [],
          "identity_schema_version": 0,
          "private": "eyJzY2hlbWFfdmVyc2lvbiI6IjEifQ=="
        }
      ]
    }
  ],
  "check_results": null
}
